
Microsoft Visual Studio Solution File, Format Version 12.00
# Visual Studio Version 17
VisualStudioVersion = 17.7.34003.232
MinimumVisualStudioVersion = 10.0.40219.1
Project("{9A19103F-16F7-4668-BE54-9A1E7A4F7556}") = "AluguelDeCarros", "AluguelDeCarros\AluguelDeCarros.csproj", "{2DF81DF0-ACF9-4458-9C69-BD4E43BB639D}"
EndProject
Project("{FAE04EC0-301F-11D3-BF4B-00C04F79EFBC}") = "UnitTests", "UnitTests\UnitTests.csproj", "{265F13E1-3ED5-4352-B78C-9772FF1FB7BE}"
EndProject
Global
	GlobalSection(SolutionConfigurationPlatforms) = preSolution
		Debug|Any CPU = Debug|Any CPU
		Release|Any CPU = Release|Any CPU
	EndGlobalSection
	GlobalSection(ProjectConfigurationPlatforms) = postSolution
		{2DF81DF0-ACF9-4458-9C69-BD4E43BB639D}.Debug|Any CPU.ActiveCfg = Debug|Any CPU
		{2DF81DF0-ACF9-4458-9C69-BD4E43BB639D}.Debug|Any CPU.Build.0 = Debug|Any CPU
		{2DF81DF0-ACF9-4458-9C69-BD4E43BB639D}.Release|Any CPU.ActiveCfg = Release|Any CPU
		{2DF81DF0-ACF9-4458-9C69-BD4E43BB639D}.Release|Any CPU.Build.0 = Release|Any CPU
		{265F13E1-3ED5-4352-B78C-9772FF1FB7BE}.Debug|Any CPU.ActiveCfg = Debug|Any CPU
		{265F13E1-3ED5-4352-B78C-9772FF1FB7BE}.Debug|Any CPU.Build.0 = Debug|Any CPU
		{265F13E1-3ED5-4352-B78C-9772FF1FB7BE}.Release|Any CPU.ActiveCfg = Release|Any CPU
		{265F13E1-3ED5-4352-B78C-9772FF1FB7BE}.Release|Any CPU.Build.0 = Release|Any CPU
	EndGlobalSection
	GlobalSection(SolutionProperties) = preSolution
		HideSolutionNode = FALSE
	EndGlobalSection
	GlobalSection(ExtensibilityGlobals) = postSolution
		SolutionGuid = {92C114E9-3ABA-4402-A114-F2D9C8383895}
	EndGlobalSection
EndGlobal
